{
  "name": "backend",
  "lockfileVersion": 2,
  "requires": true,
  "packages": {
    "": {
      "dependencies": {
        "@daypilot/modal": "^3.16.1"
      }
    },
    "node_modules/@daypilot/modal": {
      "version": "3.16.1",
      "resolved": "https://registry.npmjs.org/@daypilot/modal/-/modal-3.16.1.tgz",
      "integrity": "sha512-b0Mdx00+wQsoyq3lBFNzvPFEPE4hYVQULWrHEaH6ZHvQdWhfoipkrXhH528ROIgkwXuhBJyRQhVGxksGj4UEEg=="
    }
  },
  "dependencies": {
    "@daypilot/modal": {
      "version": "3.16.1",
      "resolved": "https://registry.npmjs.org/@daypilot/modal/-/modal-3.16.1.tgz",
      "integrity": "sha512-b0Mdx00+wQsoyq3lBFNzvPFEPE4hYVQULWrHEaH6ZHvQdWhfoipkrXhH528ROIgkwXuhBJyRQhVGxksGj4UEEg=="
    }
  }
}
